
Microsoft Visual Studio Solution File, Format Version 12.00
# Visual Studio Version 16
VisualStudioVersion = 16.0.31515.178
MinimumVisualStudioVersion = 10.0.40219.1
Project("{FAE04EC0-301F-11D3-BF4B-00C04F79EFBC}") = "ECPay_FontEnd_Test", "ECPay_FontEnd_Test\ECPay_FontEnd_Test.csproj", "{0876C012-9745-45F4-B5D5-0F724B7DE7C4}"
EndProject
Global
	GlobalSection(SolutionConfigurationPlatforms) = preSolution
		Debug|Any CPU = Debug|Any CPU
		Release|Any CPU = Release|Any CPU
	EndGlobalSection
	GlobalSection(ProjectConfigurationPlatforms) = postSolution
		{0876C012-9745-45F4-B5D5-0F724B7DE7C4}.Debug|Any CPU.ActiveCfg = Debug|Any CPU
		{0876C012-9745-45F4-B5D5-0F724B7DE7C4}.Debug|Any CPU.Build.0 = Debug|Any CPU
		{0876C012-9745-45F4-B5D5-0F724B7DE7C4}.Release|Any CPU.ActiveCfg = Release|Any CPU
		{0876C012-9745-45F4-B5D5-0F724B7DE7C4}.Release|Any CPU.Build.0 = Release|Any CPU
	EndGlobalSection
	GlobalSection(SolutionProperties) = preSolution
		HideSolutionNode = FALSE
	EndGlobalSection
	GlobalSection(ExtensibilityGlobals) = postSolution
		SolutionGuid = {38376D11-A307-4F25-9BE8-A4EE4C1BCEBD}
	EndGlobalSection
EndGlobal
